
Microsoft Visual Studio Solution File, Format Version 12.00
# Visual Studio Version 17
VisualStudioVersion = 17.14.37628.2 d17.14
MinimumVisualStudioVersion = 10.0.40219.1
Project("{FAE04EC0-301F-11D3-BF4B-00C04F79EFBC}") = "AssignmentFormsApp1", "AssignmentFormsApp1\AssignmentFormsApp1.csproj", "{81D265E0-E6F6-4CC7-8723-EE72B6431AFD}"
EndProject
Global
	GlobalSection(SolutionConfigurationPlatforms) = preSolution
		Debug|Any CPU = Debug|Any CPU
		Release|Any CPU = Release|Any CPU
	EndGlobalSection
	GlobalSection(ProjectConfigurationPlatforms) = postSolution
		{81D265E0-E6F6-4CC7-8723-EE72B6431AFD}.Debug|Any CPU.ActiveCfg = Debug|Any CPU
		{81D265E0-E6F6-4CC7-8723-EE72B6431AFD}.Debug|Any CPU.Build.0 = Debug|Any CPU
		{81D265E0-E6F6-4CC7-8723-EE72B6431AFD}.Release|Any CPU.ActiveCfg = Release|Any CPU
		{81D265E0-E6F6-4CC7-8723-EE72B6431AFD}.Release|Any CPU.Build.0 = Release|Any CPU
	EndGlobalSection
	GlobalSection(SolutionProperties) = preSolution
		HideSolutionNode = FALSE
	EndGlobalSection
	GlobalSection(ExtensibilityGlobals) = postSolution
		SolutionGuid = {05285481-CD67-4D97-B625-ECDAC263FFD2}
	EndGlobalSection
EndGlobal
